{
  "version": 4,
  "terraform_version": "1.8.0",
  "serial": 7,
  "lineage": "36fa4b45-e471-5123-2638-27778df8a052",
  "outputs": {
    "registery_pw": {
      "value": "hbM354h0vuEnyaH68E6QMGbLMI9TAb0mIJ5C8UM9Yg+ACRDV48vY",
      "type": "string",
      "sensitive": true
    },
    "registery_un": {
      "value": "practicum16adcr",
      "type": "string"
    },
    "registry_hostname": {
      "value": "practicum16adcr.azurecr.io",
      "type": "string"
    }
  },
  "resources": [
    {
      "mode": "managed",
      "type": "azurerm_container_registry",
      "name": "container_registry",
      "provider": "provider[\"registry.terraform.io/hashicorp/azurerm\"]",
      "instances": [
        {
          "schema_version": 2,
          "attributes": {
            "admin_enabled": true,
            "admin_password": "hbM354h0vuEnyaH68E6QMGbLMI9TAb0mIJ5C8UM9Yg+ACRDV48vY",
            "admin_username": "practicum16adcr",
            "anonymous_pull_enabled": false,
            "data_endpoint_enabled": false,
            "encryption": [
              {
                "enabled": false,
                "identity_client_id": "",
                "key_vault_key_id": ""
              }
            ],
            "export_policy_enabled": true,
            "georeplications": [],
            "id": "/subscriptions/29dd89f3-881e-4015-a6a6-2c10f133f832/resourceGroups/practicum16/providers/Microsoft.ContainerRegistry/registries/practicum16adcr",
            "identity": [],
            "location": "eastus",
            "login_server": "practicum16adcr.azurecr.io",
            "name": "practicum16adcr",
            "network_rule_bypass_option": "AzureServices",
            "network_rule_set": [],
            "public_network_access_enabled": true,
            "quarantine_policy_enabled": false,
            "resource_group_name": "practicum16",
            "retention_policy": [
              {
                "days": 7,
                "enabled": false
              }
            ],
            "sku": "Basic",
            "tags": null,
            "timeouts": null,
            "trust_policy": [
              {
                "enabled": false
              }
            ],
            "zone_redundancy_enabled": false
          },
          "sensitive_attributes": [
            [
              {
                "type": "get_attr",
                "value": "admin_password"
              }
            ]
          ],
          "private": "eyJlMmJmYjczMC1lY2FhLTExZTYtOGY4OC0zNDM2M2JjN2M0YzAiOnsiY3JlYXRlIjoxODAwMDAwMDAwMDAwLCJkZWxldGUiOjE4MDAwMDAwMDAwMDAsInJlYWQiOjMwMDAwMDAwMDAwMCwidXBkYXRlIjoxODAwMDAwMDAwMDAwfSwic2NoZW1hX3ZlcnNpb24iOiIyIn0=",
          "dependencies": [
            "azurerm_resource_group.practicum16"
          ]
        }
      ]
    },
    {
      "mode": "managed",
      "type": "azurerm_resource_group",
      "name": "practicum16",
      "provider": "provider[\"registry.terraform.io/hashicorp/azurerm\"]",
      "instances": [
        {
          "schema_version": 0,
          "attributes": {
            "id": "/subscriptions/29dd89f3-881e-4015-a6a6-2c10f133f832/resourceGroups/practicum16",
            "location": "eastus",
            "managed_by": "",
            "name": "practicum16",
            "tags": {},
            "timeouts": null
          },
          "sensitive_attributes": [],
          "private": "eyJlMmJmYjczMC1lY2FhLTExZTYtOGY4OC0zNDM2M2JjN2M0YzAiOnsiY3JlYXRlIjo1NDAwMDAwMDAwMDAwLCJkZWxldGUiOjU0MDAwMDAwMDAwMDAsInJlYWQiOjMwMDAwMDAwMDAwMCwidXBkYXRlIjo1NDAwMDAwMDAwMDAwfX0="
        }
      ]
    }
  ],
  "check_results": null
}
